
Microsoft Visual Studio Solution File, Format Version 12.00
# Visual Studio 14
VisualStudioVersion = 14.0.25420.1
MinimumVisualStudioVersion = 10.0.40219.1
Project("{2150E333-8FDC-42A3-9474-1A3956D46DE8}") = "src", "src", "{5A073C79-7E9B-44B6-BC6A-A2000DBC2DA3}"
EndProject
Project("{FAE04EC0-301F-11D3-BF4B-00C04F79EFBC}") = "PersistentDesktopIcons.Service", "src\PersistentDesktopIcons.Service\PersistentDesktopIcons.Service.csproj", "{A6129D11-2964-4BB8-89F6-2A74CF5D9269}"
EndProject
Project("{FAE04EC0-301F-11D3-BF4B-00C04F79EFBC}") = "PersistentDesktopIcons.Common", "src\PersistentDesktopIcons.Common\PersistentDesktopIcons.Common.csproj", "{119F4BA4-5E8C-4BF6-A2C4-DCE05EF16022}"
EndProject
Project("{54435603-DBB4-11D2-8724-00A0C9A8B90C}") = "PersistentDesktopIcons.Installer", "src\PersistentDesktopIcons.Installer\PersistentDesktopIcons.Installer.vdproj", "{83B49ADB-9240-4E48-889A-57EF7804C84A}"
EndProject
Global
	GlobalSection(SolutionConfigurationPlatforms) = preSolution
		Debug|Any CPU = Debug|Any CPU
		Debug|x86 = Debug|x86
		Deploy|Any CPU = Deploy|Any CPU
		Deploy|x86 = Deploy|x86
		Release|Any CPU = Release|Any CPU
		Release|x86 = Release|x86
	EndGlobalSection
	GlobalSection(ProjectConfigurationPlatforms) = postSolution
		{A6129D11-2964-4BB8-89F6-2A74CF5D9269}.Debug|Any CPU.ActiveCfg = Debug|Any CPU
		{A6129D11-2964-4BB8-89F6-2A74CF5D9269}.Debug|Any CPU.Build.0 = Debug|Any CPU
		{A6129D11-2964-4BB8-89F6-2A74CF5D9269}.Debug|x86.ActiveCfg = Debug|x86
		{A6129D11-2964-4BB8-89F6-2A74CF5D9269}.Debug|x86.Build.0 = Debug|x86
		{A6129D11-2964-4BB8-89F6-2A74CF5D9269}.Deploy|Any CPU.ActiveCfg = Debug|Any CPU
		{A6129D11-2964-4BB8-89F6-2A74CF5D9269}.Deploy|Any CPU.Build.0 = Debug|Any CPU
		{A6129D11-2964-4BB8-89F6-2A74CF5D9269}.Deploy|x86.ActiveCfg = Debug|x86
		{A6129D11-2964-4BB8-89F6-2A74CF5D9269}.Deploy|x86.Build.0 = Debug|x86
		{A6129D11-2964-4BB8-89F6-2A74CF5D9269}.Release|Any CPU.ActiveCfg = Release|Any CPU
		{A6129D11-2964-4BB8-89F6-2A74CF5D9269}.Release|Any CPU.Build.0 = Release|Any CPU
		{A6129D11-2964-4BB8-89F6-2A74CF5D9269}.Release|x86.ActiveCfg = Release|x86
		{A6129D11-2964-4BB8-89F6-2A74CF5D9269}.Release|x86.Build.0 = Release|x86
		{119F4BA4-5E8C-4BF6-A2C4-DCE05EF16022}.Debug|Any CPU.ActiveCfg = Debug|Any CPU
		{119F4BA4-5E8C-4BF6-A2C4-DCE05EF16022}.Debug|Any CPU.Build.0 = Debug|Any CPU
		{119F4BA4-5E8C-4BF6-A2C4-DCE05EF16022}.Debug|x86.ActiveCfg = Debug|x86
		{119F4BA4-5E8C-4BF6-A2C4-DCE05EF16022}.Debug|x86.Build.0 = Debug|x86
		{119F4BA4-5E8C-4BF6-A2C4-DCE05EF16022}.Deploy|Any CPU.ActiveCfg = Deploy|Any CPU
		{119F4BA4-5E8C-4BF6-A2C4-DCE05EF16022}.Deploy|Any CPU.Build.0 = Deploy|Any CPU
		{119F4BA4-5E8C-4BF6-A2C4-DCE05EF16022}.Deploy|x86.ActiveCfg = Deploy|x86
		{119F4BA4-5E8C-4BF6-A2C4-DCE05EF16022}.Deploy|x86.Build.0 = Deploy|x86
		{119F4BA4-5E8C-4BF6-A2C4-DCE05EF16022}.Release|Any CPU.ActiveCfg = Release|Any CPU
		{119F4BA4-5E8C-4BF6-A2C4-DCE05EF16022}.Release|Any CPU.Build.0 = Release|Any CPU
		{119F4BA4-5E8C-4BF6-A2C4-DCE05EF16022}.Release|x86.ActiveCfg = Release|x86
		{119F4BA4-5E8C-4BF6-A2C4-DCE05EF16022}.Release|x86.Build.0 = Release|x86
		{83B49ADB-9240-4E48-889A-57EF7804C84A}.Debug|Any CPU.ActiveCfg = Debug
		{83B49ADB-9240-4E48-889A-57EF7804C84A}.Debug|x86.ActiveCfg = Debug
		{83B49ADB-9240-4E48-889A-57EF7804C84A}.Debug|x86.Build.0 = Debug
		{83B49ADB-9240-4E48-889A-57EF7804C84A}.Deploy|Any CPU.ActiveCfg = Debug
		{83B49ADB-9240-4E48-889A-57EF7804C84A}.Deploy|x86.ActiveCfg = Debug
		{83B49ADB-9240-4E48-889A-57EF7804C84A}.Deploy|x86.Build.0 = Debug
		{83B49ADB-9240-4E48-889A-57EF7804C84A}.Release|Any CPU.ActiveCfg = Release
		{83B49ADB-9240-4E48-889A-57EF7804C84A}.Release|x86.ActiveCfg = Release
		{83B49ADB-9240-4E48-889A-57EF7804C84A}.Release|x86.Build.0 = Release
	EndGlobalSection
	GlobalSection(SolutionProperties) = preSolution
		HideSolutionNode = FALSE
	EndGlobalSection
	GlobalSection(NestedProjects) = preSolution
		{A6129D11-2964-4BB8-89F6-2A74CF5D9269} = {5A073C79-7E9B-44B6-BC6A-A2000DBC2DA3}
		{119F4BA4-5E8C-4BF6-A2C4-DCE05EF16022} = {5A073C79-7E9B-44B6-BC6A-A2000DBC2DA3}
		{83B49ADB-9240-4E48-889A-57EF7804C84A} = {5A073C79-7E9B-44B6-BC6A-A2000DBC2DA3}
	EndGlobalSection
EndGlobal
